
Microsoft Visual Studio Solution File, Format Version 12.00
# Visual Studio Version 17
VisualStudioVersion = 17.2.32526.322
MinimumVisualStudioVersion = 10.0.40219.1
Project("{9A19103F-16F7-4668-BE54-9A1E7A4F7556}") = "RdBuild.Shared", "RdBuild.Shared\RdBuild.Shared.csproj", "{3EA9976E-69CB-4389-AF07-6D0F42CBFC99}"
EndProject
Project("{9A19103F-16F7-4668-BE54-9A1E7A4F7556}") = "RdBuild.Client", "RdBuild.Client\RdBuild.Client.csproj", "{5F9AF823-FF65-4C00-B9A5-539893E20888}"
EndProject
Project("{9A19103F-16F7-4668-BE54-9A1E7A4F7556}") = "RdBuild.Coordinator", "RdBuild.Coordinator\RdBuild.Coordinator.csproj", "{1F9190FB-EF6D-4C9F-8142-320033D5B18F}"
EndProject
Project("{9A19103F-16F7-4668-BE54-9A1E7A4F7556}") = "RdBuild.Shared.Tests", "RdBuild.Shared.Tests\RdBuild.Shared.Tests.csproj", "{ECFAA9B0-C430-4A4B-AD7D-A8FC66D220E5}"
EndProject
Project("{2150E333-8FDC-42A3-9474-1A3956D46DE8}") = "Solution Items", "Solution Items", "{769440B9-F3BA-4E76-A52E-26B44CE72749}"
	ProjectSection(SolutionItems) = preProject
		TODO.txt = TODO.txt
	EndProjectSection
EndProject
Project("{FAE04EC0-301F-11D3-BF4B-00C04F79EFBC}") = "RdBuild.Server", "RdBuild.Server\RdBuild.Server.csproj", "{6BD90743-EB1C-4BE5-8A63-4122FED8406E}"
EndProject
Global
	GlobalSection(SolutionConfigurationPlatforms) = preSolution
		Debug|Any CPU = Debug|Any CPU
		Release|Any CPU = Release|Any CPU
	EndGlobalSection
	GlobalSection(ProjectConfigurationPlatforms) = postSolution
		{3EA9976E-69CB-4389-AF07-6D0F42CBFC99}.Debug|Any CPU.ActiveCfg = Debug|Any CPU
		{3EA9976E-69CB-4389-AF07-6D0F42CBFC99}.Debug|Any CPU.Build.0 = Debug|Any CPU
		{3EA9976E-69CB-4389-AF07-6D0F42CBFC99}.Release|Any CPU.ActiveCfg = Release|Any CPU
		{3EA9976E-69CB-4389-AF07-6D0F42CBFC99}.Release|Any CPU.Build.0 = Release|Any CPU
		{5F9AF823-FF65-4C00-B9A5-539893E20888}.Debug|Any CPU.ActiveCfg = Debug|Any CPU
		{5F9AF823-FF65-4C00-B9A5-539893E20888}.Debug|Any CPU.Build.0 = Debug|Any CPU
		{5F9AF823-FF65-4C00-B9A5-539893E20888}.Release|Any CPU.ActiveCfg = Release|Any CPU
		{5F9AF823-FF65-4C00-B9A5-539893E20888}.Release|Any CPU.Build.0 = Release|Any CPU
		{1F9190FB-EF6D-4C9F-8142-320033D5B18F}.Debug|Any CPU.ActiveCfg = Debug|Any CPU
		{1F9190FB-EF6D-4C9F-8142-320033D5B18F}.Debug|Any CPU.Build.0 = Debug|Any CPU
		{1F9190FB-EF6D-4C9F-8142-320033D5B18F}.Release|Any CPU.ActiveCfg = Release|Any CPU
		{1F9190FB-EF6D-4C9F-8142-320033D5B18F}.Release|Any CPU.Build.0 = Release|Any CPU
		{ECFAA9B0-C430-4A4B-AD7D-A8FC66D220E5}.Debug|Any CPU.ActiveCfg = Debug|Any CPU
		{ECFAA9B0-C430-4A4B-AD7D-A8FC66D220E5}.Debug|Any CPU.Build.0 = Debug|Any CPU
		{ECFAA9B0-C430-4A4B-AD7D-A8FC66D220E5}.Release|Any CPU.ActiveCfg = Release|Any CPU
		{ECFAA9B0-C430-4A4B-AD7D-A8FC66D220E5}.Release|Any CPU.Build.0 = Release|Any CPU
		{6BD90743-EB1C-4BE5-8A63-4122FED8406E}.Debug|Any CPU.ActiveCfg = Debug|Any CPU
		{6BD90743-EB1C-4BE5-8A63-4122FED8406E}.Debug|Any CPU.Build.0 = Debug|Any CPU
		{6BD90743-EB1C-4BE5-8A63-4122FED8406E}.Release|Any CPU.ActiveCfg = Release|Any CPU
		{6BD90743-EB1C-4BE5-8A63-4122FED8406E}.Release|Any CPU.Build.0 = Release|Any CPU
	EndGlobalSection
	GlobalSection(SolutionProperties) = preSolution
		HideSolutionNode = FALSE
	EndGlobalSection
	GlobalSection(ExtensibilityGlobals) = postSolution
		SolutionGuid = {918C969F-00B6-4D7D-BF24-453363D332B3}
	EndGlobalSection
EndGlobal
